
Microsoft Visual Studio Solution File, Format Version 12.00
# Visual Studio Version 16
VisualStudioVersion = 16.0.30114.105
MinimumVisualStudioVersion = 10.0.40219.1
Project("{FAE04EC0-301F-11D3-BF4B-00C04F79EFBC}") = "2.6 Studio", "2.6 Studio\2.6 Studio.csproj", "{E8E1AF01-FBB5-4782-8961-6E2031B9241C}"
EndProject
Global
	GlobalSection(SolutionConfigurationPlatforms) = preSolution
		Debug|Any CPU = Debug|Any CPU
		Release|Any CPU = Release|Any CPU
	EndGlobalSection
	GlobalSection(ProjectConfigurationPlatforms) = postSolution
		{E8E1AF01-FBB5-4782-8961-6E2031B9241C}.Debug|Any CPU.ActiveCfg = Debug|Any CPU
		{E8E1AF01-FBB5-4782-8961-6E2031B9241C}.Debug|Any CPU.Build.0 = Debug|Any CPU
		{E8E1AF01-FBB5-4782-8961-6E2031B9241C}.Release|Any CPU.ActiveCfg = Release|Any CPU
		{E8E1AF01-FBB5-4782-8961-6E2031B9241C}.Release|Any CPU.Build.0 = Release|Any CPU
	EndGlobalSection
	GlobalSection(SolutionProperties) = preSolution
		HideSolutionNode = FALSE
	EndGlobalSection
	GlobalSection(ExtensibilityGlobals) = postSolution
		SolutionGuid = {6034CC02-6712-4968-B376-D1BACD7B9404}
	EndGlobalSection
EndGlobal
